// !$*UTF8*$!
{
	archiveVersion = 1;
	classes = {
	};
	objectVersion = 50;
	objects = {

/* Begin PBXBuildFile section */
		64EFB0AC2343719B002AAD40 /* AppDelegate.swift in Sources */ = {isa = PBXBuildFile; fileRef = 64EFB0AB2343719B002AAD40 /* AppDelegate.swift */; };
		64EFB0AE2343719B002AAD40 /* SceneDelegate.swift in Sources */ = {isa = PBXBuildFile; fileRef = 64EFB0AD2343719B002AAD40 /* SceneDelegate.swift */; };
		64EFB0B02343719B002AAD40 /* ViewController.swift in Sources */ = {isa = PBXBuildFile; fileRef = 64EFB0AF2343719B002AAD40 /* ViewController.swift */; };
		64EFB0B32343719B002AAD40 /* Main.storyboard in Resources */ = {isa = PBXBuildFile; fileRef = 64EFB0B12343719B002AAD40 /* Main.storyboard */; };
		64EFB0B52343719E002AAD40 /* Assets.xcassets in Resources */ = {isa = PBXBuildFile; fileRef = 64EFB0B42343719E002AAD40 /* Assets.xcassets */; };
		64EFB0B82343719E002AAD40 /* LaunchScreen.storyboard in Resources */ = {isa = PBXBuildFile; fileRef = 64EFB0B62343719E002AAD40 /* LaunchScreen.storyboard */; };
		64EFB0C32343719E002AAD40 /* TestAppTests.swift in Sources */ = {isa = PBXBuildFile; fileRef = 64EFB0C22343719E002AAD40 /* TestAppTests.swift */; };
		64EFB0CE2343719E002AAD40 /* TestAppUITests.swift in Sources */ = {isa = PBXBuildFile; fileRef = 64EFB0CD2343719E002AAD40 /* TestAppUITests.swift */; };
/* End PBXBuildFile section */

/* Begin PBXContainerItemProxy section */
		64EFB0BF2343719E002AAD40 /* PBXContainerItemProxy */ = {
			isa = PBXContainerItemProxy;
			containerPortal = 64EFB0A02343719B002AAD40 /* Project object */;
			proxyType = 1;
			remoteGlobalIDString = 64EFB0A72343719B002AAD40;
			remoteInfo = TestApp;
		};
		64EFB0CA2343719E002AAD40 /* PBXContainerItemProxy */ = {
			isa = PBXContainerItemProxy;
			containerPortal = 64EFB0A02343719B002AAD40 /* Project object */;
			proxyType = 1;
			remoteGlobalIDString = 64EFB0A72343719B002AAD40;
			remoteInfo = TestApp;
		};
/* End PBXContainerItemProxy section */

/* Begin PBXFileReference section */
		64EFB0A82343719B002AAD40 /* TestApp.app */ = {isa = PBXFileReference; explicitFileType = wrapper.application; includeInIndex = 0; path = TestApp.app; sourceTree = BUILT_PRODUCTS_DIR; };
		64EFB0AB2343719B002AAD40 /* AppDelegate.swift */ = {isa = PBXFileReference; lastKnownFileType = sourcecode.swift; path = AppDelegate.swift; sourceTree = "<group>"; };
		64EFB0AD2343719B002AAD40 /* SceneDelegate.swift */ = {isa = PBXFileReference; lastKnownFileType = sourcecode.swift; path = SceneDelegate.swift; sourceTree = "<group>"; };
		64EFB0AF2343719B002AAD40 /* ViewController.swift */ = {isa = PBXFileReference; lastKnownFileType = sourcecode.swift; path = ViewController.swift; sourceTree = "<group>"; };
		64EFB0B22343719B002AAD40 /* Base */ = {isa = PBXFileReference; lastKnownFileType = file.storyboard; name = Base; path = Base.lproj/Main.storyboard; sourceTree = "<group>"; };
		64EFB0B42343719E002AAD40 /* Assets.xcassets */ = {isa = PBXFileReference; lastKnownFileType = folder.assetcatalog; path = Assets.xcassets; sourceTree = "<group>"; };
		64EFB0B72343719E002AAD40 /* Base */ = {isa = PBXFileReference; lastKnownFileType = file.storyboard; name = Base; path = Base.lproj/LaunchScreen.storyboard; sourceTree = "<group>"; };
		64EFB0B92343719E002AAD40 /* Info.plist */ = {isa = PBXFileReference; lastKnownFileType = text.plist.xml; path = Info.plist; sourceTree = "<group>"; };
		64EFB0BE2343719E002AAD40 /* TestAppTests.xctest */ = {isa = PBXFileReference; explicitFileType = wrapper.cfbundle; includeInIndex = 0; path = TestAppTests.xctest; sourceTree = BUILT_PRODUCTS_DIR; };
		64EFB0C22343719E002AAD40 /* TestAppTests.swift */ = {isa = PBXFileReference; lastKnownFileType = sourcecode.swift; path = TestAppTests.swift; sourceTree = "<group>"; };
		64EFB0C42343719E002AAD40 /* Info.plist */ = {isa = PBXFileReference; lastKnownFileType = text.plist.xml; path = Info.plist; sourceTree = "<group>"; };
		64EFB0C92343719E002AAD40 /* TestAppUITests.xctest */ = {isa = PBXFileReference; explicitFileType = wrapper.cfbundle; includeInIndex = 0; path = TestAppUITests.xctest; sourceTree = BUILT_PRODUCTS_DIR; };
		64EFB0CD2343719E002AAD40 /* TestAppUITests.swift */ = {isa = PBXFileReference; lastKnownFileType = sourcecode.swift; path = TestAppUITests.swift; sourceTree = "<group>"; };
		64EFB0CF2343719E002AAD40 /* Info.plist */ = {isa = PBXFileReference; lastKnownFileType = text.plist.xml; path = Info.plist; sourceTree = "<group>"; };
/* End PBXFileReference section */

/* Begin PBXFrameworksBuildPhase section */
		64EFB0A52343719B002AAD40 /* Frameworks */ = {
			isa = PBXFrameworksBuildPhase;
			buildActionMask = 2147483647;
			files = (
			);
			runOnlyForDeploymentPostprocessing = 0;
		};
		64EFB0BB2343719E002AAD40 /* Frameworks */ = {
			isa = PBXFrameworksBuildPhase;
			buildActionMask = 2147483647;
			files = (
			);
			runOnlyForDeploymentPostprocessing = 0;
		};
		64EFB0C62343719E002AAD40 /* Frameworks */ = {
			isa = PBXFrameworksBuildPhase;
			buildActionMask = 2147483647;
			files = (
			);
			runOnlyForDeploymentPostprocessing = 0;
		};
/* End PBXFrameworksBuildPhase section */

/* Begin PBXGroup section */
		64EFB09F2343719B002AAD40 = {
			isa = PBXGroup;
			children = (
				64EFB0AA2343719B002AAD40 /* TestApp */,
				64EFB0C12343719E002AAD40 /* TestAppTests */,
				64EFB0CC2343719E002AAD40 /* TestAppUITests */,
				64EFB0A92343719B002AAD40 /* Products */,
			);
			sourceTree = "<group>";
		};
		64EFB0A92343719B002AAD40 /* Products */ = {
			isa = PBXGroup;
			children = (
				64EFB0A82343719B002AAD40 /* TestApp.app */,
				64EFB0BE2343719E002AAD40 /* TestAppTests.xctest */,
				64EFB0C92343719E002AAD40 /* TestAppUITests.xctest */,
			);
			name = Products;
			sourceTree = "<group>";
		};
		64EFB0AA2343719B002AAD40 /* TestApp */ = {
			isa = PBXGroup;
			children = (
				64EFB0AB2343719B002AAD40 /* AppDelegate.swift */,
				64EFB0AD2343719B002AAD40 /* SceneDelegate.swift */,
				64EFB0AF2343719B002AAD40 /* ViewController.swift */,
				64EFB0B12343719B002AAD40 /* Main.storyboard */,
				64EFB0B42343719E002AAD40 /* Assets.xcassets */,
				64EFB0B62343719E002AAD40 /* LaunchScreen.storyboard */,
				64EFB0B92343719E002AAD40 /* Info.plist */,
			);
			path = TestApp;
			sourceTree = "<group>";
		};
		64EFB0C12343719E002AAD40 /* TestAppTests */ = {
			isa = PBXGroup;
			children = (
				64EFB0C22343719E002AAD40 /* TestAppTests.swift */,
				64EFB0C42343719E002AAD40 /* Info.plist */,
			);
			path = TestAppTests;
			sourceTree = "<group>";
		};
		64EFB0CC2343719E002AAD40 /* TestAppUITests */ = {
			isa = PBXGroup;
			children = (
				64EFB0CD2343719E002AAD40 /* TestAppUITests.swift */,
				64EFB0CF2343719E002AAD40 /* Info.plist */,
			);
			path = TestAppUITests;
			sourceTree = "<group>";
		};
/* End PBXGroup section */

/* Begin PBXNativeTarget section */
		64EFB0A72343719B002AAD40 /* TestApp */ = {
			isa = PBXNativeTarget;
			buildConfigurationList = 64EFB0D22343719E002AAD40 /* Build configuration list for PBXNativeTarget "TestApp" */;
			buildPhases = (
				64EFB0A42343719B002AAD40 /* Sources */,
				64EFB0A52343719B002AAD40 /* Frameworks */,
				64EFB0A62343719B002AAD40 /* Resources */,
			);
			buildRules = (
			);
			dependencies = (
			);
			name = TestApp;
			productName = TestApp;
			productReference = 64EFB0A82343719B002AAD40 /* TestApp.app */;
			productType = "com.apple.product-type.application";
		};
		64EFB0BD2343719E002AAD40 /* TestAppTests */ = {
			isa = PBXNativeTarget;
			buildConfigurationList = 64EFB0D52343719E002AAD40 /* Build configuration list for PBXNativeTarget "TestAppTests" */;
			buildPhases = (
				64EFB0BA2343719E002AAD40 /* Sources */,
				64EFB0BB2343719E002AAD40 /* Frameworks */,
				64EFB0BC2343719E002AAD40 /* Resources */,
			);
			buildRules = (
			);
			dependencies = (
				64EFB0C02343719E002AAD40 /* PBXTargetDependency */,
			);
			name = TestAppTests;
			productName = TestAppTests;
			productReference = 64EFB0BE2343719E002AAD40 /* TestAppTests.xctest */;
			productType = "com.apple.product-type.bundle.unit-test";
		};
		64EFB0C82343719E002AAD40 /* TestAppUITests */ = {
			isa = PBXNativeTarget;
			buildConfigurationList = 64EFB0D82343719E002AAD40 /* Build configuration list for PBXNativeTarget "TestAppUITests" */;
			buildPhases = (
				64EFB0C52343719E002AAD40 /* Sources */,
				64EFB0C62343719E002AAD40 /* Frameworks */,
				64EFB0C72343719E002AAD40 /* Resources */,
			);
			buildRules = (
			);
			dependencies = (
				64EFB0CB2343719E002AAD40 /* PBXTargetDependency */,
			);
			name = TestAppUITests;
			productName = TestAppUITests;
			productReference = 64EFB0C92343719E002AAD40 /* TestAppUITests.xctest */;
			productType = "com.apple.product-type.bundle.ui-testing";
		};
/* End PBXNativeTarget section */

/* Begin PBXProject section */
		64EFB0A02343719B002AAD40 /* Project object */ = {
			isa = PBXProject;
			attributes = {
				LastSwiftUpdateCheck = 1100;
				LastUpgradeCheck = 1100;
				ORGANIZATIONNAME = "Yuki Okudera";
				TargetAttributes = {
					64EFB0A72343719B002AAD40 = {
						CreatedOnToolsVersion = 11.0;
					};
					64EFB0BD2343719E002AAD40 = {
						CreatedOnToolsVersion = 11.0;
						TestTargetID = 64EFB0A72343719B002AAD40;
					};
					64EFB0C82343719E002AAD40 = {
						CreatedOnToolsVersion = 11.0;
						TestTargetID = 64EFB0A72343719B002AAD40;
					};
				};
			};
			buildConfigurationList = 64EFB0A32343719B002AAD40 /* Build configuration list for PBXProject "TestApp" */;
			compatibilityVersion = "Xcode 9.3";
			developmentRegion = en;
			hasScannedForEncodings = 0;
			knownRegions = (
				en,
				Base,
			);
			mainGroup = 64EFB09F2343719B002AAD40;
			productRefGroup = 64EFB0A92343719B002AAD40 /* Products */;
			projectDirPath = "";
			projectRoot = "";
			targets = (
				64EFB0A72343719B002AAD40 /* TestApp */,
				64EFB0BD2343719E002AAD40 /* TestAppTests */,
				64EFB0C82343719E002AAD40 /* TestAppUITests */,
			);
		};
/* End PBXProject section */

/* Begin PBXResourcesBuildPhase section */
		64EFB0A62343719B002AAD40 /* Resources */ = {
			isa = PBXResourcesBuildPhase;
			buildActionMask = 2147483647;
			files = (
				64EFB0B82343719E002AAD40 /* LaunchScreen.storyboard in Resources */,
				64EFB0B52343719E002AAD40 /* Assets.xcassets in Resources */,
				64EFB0B32343719B002AAD40 /* Main.storyboard in Resources */,
			);
			runOnlyForDeploymentPostprocessing = 0;
		};
		64EFB0BC2343719E002AAD40 /* Resources */ = {
			isa = PBXResourcesBuildPhase;
			buildActionMask = 2147483647;
			files = (
			);
			runOnlyForDeploymentPostprocessing = 0;
		};
		64EFB0C72343719E002AAD40 /* Resources */ = {
			isa = PBXResourcesBuildPhase;
			buildActionMask = 2147483647;
			files = (
			);
			runOnlyForDeploymentPostprocessing = 0;
		};
/* End PBXResourcesBuildPhase section */

/* Begin PBXSourcesBuildPhase section */
		64EFB0A42343719B002AAD40 /* Sources */ = {
			isa = PBXSourcesBuildPhase;
			buildActionMask = 2147483647;
			files = (
				64EFB0B02343719B002AAD40 /* ViewController.swift in Sources */,
				64EFB0AC2343719B002AAD40 /* AppDelegate.swift in Sources */,
				64EFB0AE2343719B002AAD40 /* SceneDelegate.swift in Sources */,
			);
			runOnlyForDeploymentPostprocessing = 0;
		};
		64EFB0BA2343719E002AAD40 /* Sources */ = {
			isa = PBXSourcesBuildPhase;
			buildActionMask = 2147483647;
			files = (
				64EFB0C32343719E002AAD40 /* TestAppTests.swift in Sources */,
			);
			runOnlyForDeploymentPostprocessing = 0;
		};
		64EFB0C52343719E002AAD40 /* Sources */ = {
			isa = PBXSourcesBuildPhase;
			buildActionMask = 2147483647;
			files = (
				64EFB0CE2343719E002AAD40 /* TestAppUITests.swift in Sources */,
			);
			runOnlyForDeploymentPostprocessing = 0;
		};
/* End PBXSourcesBuildPhase section */

/* Begin PBXTargetDependency section */
		64EFB0C02343719E002AAD40 /* PBXTargetDependency */ = {
			isa = PBXTargetDependency;
			target = 64EFB0A72343719B002AAD40 /* TestApp */;
			targetProxy = 64EFB0BF2343719E002AAD40 /* PBXContainerItemProxy */;
		};
		64EFB0CB2343719E002AAD40 /* PBXTargetDependency */ = {
			isa = PBXTargetDependency;
			target = 64EFB0A72343719B002AAD40 /* TestApp */;
			targetProxy = 64EFB0CA2343719E002AAD40 /* PBXContainerItemProxy */;
		};
/* End PBXTargetDependency section */

/* Begin PBXVariantGroup section */
		64EFB0B12343719B002AAD40 /* Main.storyboard */ = {
			isa = PBXVariantGroup;
			children = (
				64EFB0B22343719B002AAD40 /* Base */,
			);
			name = Main.storyboard;
			sourceTree = "<group>";
		};
		64EFB0B62343719E002AAD40 /* LaunchScreen.storyboard */ = {
			isa = PBXVariantGroup;
			children = (
				64EFB0B72343719E002AAD40 /* Base */,
			);
			name = LaunchScreen.storyboard;
			sourceTree = "<group>";
		};
/* End PBXVariantGroup section */

/* Begin XCBuildConfiguration section */
		64EFB0D02343719E002AAD40 /* Debug */ = {
			isa = XCBuildConfiguration;
			buildSettings = {
				ALWAYS_SEARCH_USER_PATHS = NO;
				CLANG_ANALYZER_NONNULL = YES;
				CLANG_ANALYZER_NUMBER_OBJECT_CONVERSION = YES_AGGRESSIVE;
				CLANG_CXX_LANGUAGE_STANDARD = "gnu++14";
				CLANG_CXX_LIBRARY = "libc++";
				CLANG_ENABLE_MODULES = YES;
				CLANG_ENABLE_OBJC_ARC = YES;
				CLANG_ENABLE_OBJC_WEAK = YES;
				CLANG_WARN_BLOCK_CAPTURE_AUTORELEASING = YES;
				CLANG_WARN_BOOL_CONVERSION = YES;
				CLANG_WARN_COMMA = YES;
				CLANG_WARN_CONSTANT_CONVERSION = YES;
				CLANG_WARN_DEPRECATED_OBJC_IMPLEMENTATIONS = YES;
				CLANG_WARN_DIRECT_OBJC_ISA_USAGE = YES_ERROR;
				CLANG_WARN_DOCUMENTATION_COMMENTS = YES;
				CLANG_WARN_EMPTY_BODY = YES;
				CLANG_WARN_ENUM_CONVERSION = YES;
				CLANG_WARN_INFINITE_RECURSION = YES;
				CLANG_WARN_INT_CONVERSION = YES;
				CLANG_WARN_NON_LITERAL_NULL_CONVERSION = YES;
				CLANG_WARN_OBJC_IMPLICIT_RETAIN_SELF = YES;
				CLANG_WARN_OBJC_LITERAL_CONVERSION = YES;
				CLANG_WARN_OBJC_ROOT_CLASS = YES_ERROR;
				CLANG_WARN_RANGE_LOOP_ANALYSIS = YES;
				CLANG_WARN_STRICT_PROTOTYPES = YES;
				CLANG_WARN_SUSPICIOUS_MOVE = YES;
				CLANG_WARN_UNGUARDED_AVAILABILITY = YES_AGGRESSIVE;
				CLANG_WARN_UNREACHABLE_CODE = YES;
				CLANG_WARN__DUPLICATE_METHOD_MATCH = YES;
				COPY_PHASE_STRIP = NO;
				DEBUG_INFORMATION_FORMAT = dwarf;
				ENABLE_STRICT_OBJC_MSGSEND = YES;
				ENABLE_TESTABILITY = YES;
				GCC_C_LANGUAGE_STANDARD = gnu11;
				GCC_DYNAMIC_NO_PIC = NO;
				GCC_NO_COMMON_BLOCKS = YES;
				GCC_OPTIMIZATION_LEVEL = 0;
				GCC_PREPROCESSOR_DEFINITIONS = (
					"DEBUG=1",
					"$(inherited)",
				);
				GCC_WARN_64_TO_32_BIT_CONVERSION = YES;
				GCC_WARN_ABOUT_RETURN_TYPE = YES_ERROR;
				GCC_WARN_UNDECLARED_SELECTOR = YES;
				GCC_WARN_UNINITIALIZED_AUTOS = YES_AGGRESSIVE;
				GCC_WARN_UNUSED_FUNCTION = YES;
				GCC_WARN_UNUSED_VARIABLE = YES;
				IPHONEOS_DEPLOYMENT_TARGET = 13.0;
				MTL_ENABLE_DEBUG_INFO = INCLUDE_SOURCE;
				MTL_FAST_MATH = YES;
				ONLY_ACTIVE_ARCH = YES;
				SDKROOT = iphoneos;
				SWIFT_ACTIVE_COMPILATION_CONDITIONS = DEBUG;
				SWIFT_OPTIMIZATION_LEVEL = "-Onone";
			};
			name = Debug;
		};
		64EFB0D12343719E002AAD40 /* Release */ = {
			isa = XCBuildConfiguration;
			buildSettings = {
				ALWAYS_SEARCH_USER_PATHS = NO;
				CLANG_ANALYZER_NONNULL = YES;
				CLANG_ANALYZER_NUMBER_OBJECT_CONVERSION = YES_AGGRESSIVE;
				CLANG_CXX_LANGUAGE_STANDARD = "gnu++14";
				CLANG_CXX_LIBRARY = "libc++";
				CLANG_ENABLE_MODULES = YES;
				CLANG_ENABLE_OBJC_ARC = YES;
				CLANG_ENABLE_OBJC_WEAK = YES;
				CLANG_WARN_BLOCK_CAPTURE_AUTORELEASING = YES;
				CLANG_WARN_BOOL_CONVERSION = YES;
				CLANG_WARN_COMMA = YES;
				CLANG_WARN_CONSTANT_CONVERSION = YES;
				CLANG_WARN_DEPRECATED_OBJC_IMPLEMENTATIONS = YES;
				CLANG_WARN_DIRECT_OBJC_ISA_USAGE = YES_ERROR;
				CLANG_WARN_DOCUMENTATION_COMMENTS = YES;
				CLANG_WARN_EMPTY_BODY = YES;
				CLANG_WARN_ENUM_CONVERSION = YES;
				CLANG_WARN_INFINITE_RECURSION = YES;
				CLANG_WARN_INT_CONVERSION = YES;
				CLANG_WARN_NON_LITERAL_NULL_CONVERSION = YES;
				CLANG_WARN_OBJC_IMPLICIT_RETAIN_SELF = YES;
				CLANG_WARN_OBJC_LITERAL_CONVERSION = YES;
				CLANG_WARN_OBJC_ROOT_CLASS = YES_ERROR;
				CLANG_WARN_RANGE_LOOP_ANALYSIS = YES;
				CLANG_WARN_STRICT_PROTOTYPES = YES;
				CLANG_WARN_SUSPICIOUS_MOVE = YES;
				CLANG_WARN_UNGUARDED_AVAILABILITY = YES_AGGRESSIVE;
				CLANG_WARN_UNREACHABLE_CODE = YES;
				CLANG_WARN__DUPLICATE_METHOD_MATCH = YES;
				COPY_PHASE_STRIP = NO;
				DEBUG_INFORMATION_FORMAT = "dwarf-with-dsym";
				ENABLE_NS_ASSERTIONS = NO;
				ENABLE_STRICT_OBJC_MSGSEND = YES;
				GCC_C_LANGUAGE_STANDARD = gnu11;
				GCC_NO_COMMON_BLOCKS = YES;
				GCC_WARN_64_TO_32_BIT_CONVERSION = YES;
				GCC_WARN_ABOUT_RETURN_TYPE = YES_ERROR;
				GCC_WARN_UNDECLARED_SELECTOR = YES;
				GCC_WARN_UNINITIALIZED_AUTOS = YES_AGGRESSIVE;
				GCC_WARN_UNUSED_FUNCTION = YES;
				GCC_WARN_UNUSED_VARIABLE = YES;
				IPHONEOS_DEPLOYMENT_TARGET = 13.0;
				MTL_ENABLE_DEBUG_INFO = NO;
				MTL_FAST_MATH = YES;
				SDKROOT = iphoneos;
				SWIFT_COMPILATION_MODE = wholemodule;
				SWIFT_OPTIMIZATION_LEVEL = "-O";
				VALIDATE_PRODUCT = YES;
			};
			name = Release;
		};
		64EFB0D32343719E002AAD40 /* Debug */ = {
			isa = XCBuildConfiguration;
			buildSettings = {
				ASSETCATALOG_COMPILER_APPICON_NAME = AppIcon;
				CODE_SIGN_STYLE = Automatic;
				DEVELOPMENT_TEAM = B8PR34D6DP;
				INFOPLIST_FILE = TestApp/Info.plist;
				LD_RUNPATH_SEARCH_PATHS = (
					"$(inherited)",
					"@executable_path/Frameworks",
				);
				PRODUCT_BUNDLE_IDENTIFIER = jp.yuoku.TestApp;
				PRODUCT_NAME = "$(TARGET_NAME)";
				SWIFT_VERSION = 5.0;
				TARGETED_DEVICE_FAMILY = "1,2";
			};
			name = Debug;
		};
		64EFB0D42343719E002AAD40 /* Release */ = {
			isa = XCBuildConfiguration;
			buildSettings = {
				ASSETCATALOG_COMPILER_APPICON_NAME = AppIcon;
				CODE_SIGN_STYLE = Automatic;
				DEVELOPMENT_TEAM = B8PR34D6DP;
				INFOPLIST_FILE = TestApp/Info.plist;
				LD_RUNPATH_SEARCH_PATHS = (
					"$(inherited)",
					"@executable_path/Frameworks",
				);
				PRODUCT_BUNDLE_IDENTIFIER = jp.yuoku.TestApp;
				PRODUCT_NAME = "$(TARGET_NAME)";
				SWIFT_VERSION = 5.0;
				TARGETED_DEVICE_FAMILY = "1,2";
			};
			name = Release;
		};
		64EFB0D62343719E002AAD40 /* Debug */ = {
			isa = XCBuildConfiguration;
			buildSettings = {
				ALWAYS_EMBED_SWIFT_STANDARD_LIBRARIES = YES;
				BUNDLE_LOADER = "$(TEST_HOST)";
				CODE_SIGN_STYLE = Automatic;
				DEVELOPMENT_TEAM = B8PR34D6DP;
				INFOPLIST_FILE = TestAppTests/Info.plist;
				IPHONEOS_DEPLOYMENT_TARGET = 13.0;
				LD_RUNPATH_SEARCH_PATHS = (
					"$(inherited)",
					"@executable_path/Frameworks",
					"@loader_path/Frameworks",
				);
				PRODUCT_BUNDLE_IDENTIFIER = jp.yuoku.TestAppTests;
				PRODUCT_NAME = "$(TARGET_NAME)";
				SWIFT_VERSION = 5.0;
				TARGETED_DEVICE_FAMILY = "1,2";
				TEST_HOST = "$(BUILT_PRODUCTS_DIR)/TestApp.app/TestApp";
			};
			name = Debug;
		};
		64EFB0D72343719E002AAD40 /* Release */ = {
			isa = XCBuildConfiguration;
			buildSettings = {
				ALWAYS_EMBED_SWIFT_STANDARD_LIBRARIES = YES;
				BUNDLE_LOADER = "$(TEST_HOST)";
				CODE_SIGN_STYLE = Automatic;
				DEVELOPMENT_TEAM = B8PR34D6DP;
				INFOPLIST_FILE = TestAppTests/Info.plist;
				IPHONEOS_DEPLOYMENT_TARGET = 13.0;
				LD_RUNPATH_SEARCH_PATHS = (
					"$(inherited)",
					"@executable_path/Frameworks",
					"@loader_path/Frameworks",
				);
				PRODUCT_BUNDLE_IDENTIFIER = jp.yuoku.TestAppTests;
				PRODUCT_NAME = "$(TARGET_NAME)";
				SWIFT_VERSION = 5.0;
				TARGETED_DEVICE_FAMILY = "1,2";
				TEST_HOST = "$(BUILT_PRODUCTS_DIR)/TestApp.app/TestApp";
			};
			name = Release;
		};
		64EFB0D92343719E002AAD40 /* Debug */ = {
			isa = XCBuildConfiguration;
			buildSettings = {
				ALWAYS_EMBED_SWIFT_STANDARD_LIBRARIES = YES;
				CODE_SIGN_STYLE = Automatic;
				DEVELOPMENT_TEAM = B8PR34D6DP;
				INFOPLIST_FILE = TestAppUITests/Info.plist;
				LD_RUNPATH_SEARCH_PATHS = (
					"$(inherited)",
					"@executable_path/Frameworks",
					"@loader_path/Frameworks",
				);
				PRODUCT_BUNDLE_IDENTIFIER = jp.yuoku.TestAppUITests;
				PRODUCT_NAME = "$(TARGET_NAME)";
				SWIFT_VERSION = 5.0;
				TARGETED_DEVICE_FAMILY = "1,2";
				TEST_TARGET_NAME = TestApp;
			};
			name = Debug;
		};
		64EFB0DA2343719E002AAD40 /* Release */ = {
			isa = XCBuildConfiguration;
			buildSettings = {
				ALWAYS_EMBED_SWIFT_STANDARD_LIBRARIES = YES;
				CODE_SIGN_STYLE = Automatic;
				DEVELOPMENT_TEAM = B8PR34D6DP;
				INFOPLIST_FILE = TestAppUITests/Info.plist;
				LD_RUNPATH_SEARCH_PATHS = (
					"$(inherited)",
					"@executable_path/Frameworks",
					"@loader_path/Frameworks",
				);
				PRODUCT_BUNDLE_IDENTIFIER = jp.yuoku.TestAppUITests;
				PRODUCT_NAME = "$(TARGET_NAME)";
				SWIFT_VERSION = 5.0;
				TARGETED_DEVICE_FAMILY = "1,2";
				TEST_TARGET_NAME = TestApp;
			};
			name = Release;
		};
/* End XCBuildConfiguration section */

/* Begin XCConfigurationList section */
		64EFB0A32343719B002AAD40 /* Build configuration list for PBXProject "TestApp" */ = {
			isa = XCConfigurationList;
			buildConfigurations = (
				64EFB0D02343719E002AAD40 /* Debug */,
				64EFB0D12343719E002AAD40 /* Release */,
			);
			defaultConfigurationIsVisible = 0;
			defaultConfigurationName = Release;
		};
		64EFB0D22343719E002AAD40 /* Build configuration list for PBXNativeTarget "TestApp" */ = {
			isa = XCConfigurationList;
			buildConfigurations = (
				64EFB0D32343719E002AAD40 /* Debug */,
				64EFB0D42343719E002AAD40 /* Release */,
			);
			defaultConfigurationIsVisible = 0;
			defaultConfigurationName = Release;
		};
		64EFB0D52343719E002AAD40 /* Build configuration list for PBXNativeTarget "TestAppTests" */ = {
			isa = XCConfigurationList;
			buildConfigurations = (
				64EFB0D62343719E002AAD40 /* Debug */,
				64EFB0D72343719E002AAD40 /* Release */,
			);
			defaultConfigurationIsVisible = 0;
			defaultConfigurationName = Release;
		};
		64EFB0D82343719E002AAD40 /* Build configuration list for PBXNativeTarget "TestAppUITests" */ = {
			isa = XCConfigurationList;
			buildConfigurations = (
				64EFB0D92343719E002AAD40 /* Debug */,
				64EFB0DA2343719E002AAD40 /* Release */,
			);
			defaultConfigurationIsVisible = 0;
			defaultConfigurationName = Release;
		};
/* End XCConfigurationList section */
	};
	rootObject = 64EFB0A02343719B002AAD40 /* Project object */;
}
